
Microsoft Visual Studio Solution File, Format Version 12.00
# Visual Studio Version 16
VisualStudioVersion = 16.0.34114.132
MinimumVisualStudioVersion = 10.0.40219.1
Project("{888888A0-9F3D-457C-B088-3A5042F75D52}") = "Week 8 1st work with the Welcome Message", "Week 8 1st work with the Welcome Message\Week 8 1st work with the Welcome Message.pyproj", "{E991DB8A-2C78-417B-B75F-7F7B464C3C82}"
EndProject
Global
	GlobalSection(SolutionConfigurationPlatforms) = preSolution
		Debug|Any CPU = Debug|Any CPU
		Release|Any CPU = Release|Any CPU
	EndGlobalSection
	GlobalSection(ProjectConfigurationPlatforms) = postSolution
		{E991DB8A-2C78-417B-B75F-7F7B464C3C82}.Debug|Any CPU.ActiveCfg = Debug|Any CPU
		{E991DB8A-2C78-417B-B75F-7F7B464C3C82}.Release|Any CPU.ActiveCfg = Release|Any CPU
	EndGlobalSection
	GlobalSection(SolutionProperties) = preSolution
		HideSolutionNode = FALSE
	EndGlobalSection
	GlobalSection(ExtensibilityGlobals) = postSolution
		SolutionGuid = {34CDFF00-05D8-40C2-A96F-80913ED4D636}
	EndGlobalSection
EndGlobal
